
Microsoft Visual Studio Solution File, Format Version 12.00
# Visual Studio 14
VisualStudioVersion = 14.0.24720.0
MinimumVisualStudioVersion = 10.0.40219.1
Project("{F2A71F9B-5D33-465A-A702-920D77279786}") = "Day01.01", "Day01.01\Day01.01.fsproj", "{C5CB5FE7-F1F8-4229-993D-16C8FC787FC2}"
EndProject
Project("{F2A71F9B-5D33-465A-A702-920D77279786}") = "Day01.02", "Day01.02\Day01.02.fsproj", "{0BA53071-D504-4684-8437-67F5F3671C58}"
EndProject
Project("{F2A71F9B-5D33-465A-A702-920D77279786}") = "Day02.01", "Day02.01\Day02.01.fsproj", "{44D6E400-0AE5-4510-8971-4971B69CBDF7}"
EndProject
Project("{F2A71F9B-5D33-465A-A702-920D77279786}") = "Day02.02", "Day02.02\Day02.02.fsproj", "{6BA89829-E349-4E1F-A7DA-971719B81418}"
EndProject
Project("{F2A71F9B-5D33-465A-A702-920D77279786}") = "Day03.01", "Day03.01\Day03.01.fsproj", "{FAC5CA76-E0ED-4B2F-9E9F-FC5164EBAF74}"
EndProject
Project("{F2A71F9B-5D33-465A-A702-920D77279786}") = "Day03.02", "Day03.02\Day03.02.fsproj", "{43C488F0-B8C2-4DDB-8193-2CEFE5BA0D9E}"
EndProject
Project("{F2A71F9B-5D33-465A-A702-920D77279786}") = "Day04.01", "Day04.01\Day04.01.fsproj", "{1B51C954-75D3-478F-87F7-F54B91ED0079}"
EndProject
Project("{F2A71F9B-5D33-465A-A702-920D77279786}") = "Day04.02", "Day04.02\Day04.02.fsproj", "{C29FA124-EF50-41DD-894B-B4F7622C90EB}"
EndProject
Global
	GlobalSection(SolutionConfigurationPlatforms) = preSolution
		Debug|Any CPU = Debug|Any CPU
		Release|Any CPU = Release|Any CPU
	EndGlobalSection
	GlobalSection(ProjectConfigurationPlatforms) = postSolution
		{C5CB5FE7-F1F8-4229-993D-16C8FC787FC2}.Debug|Any CPU.ActiveCfg = Debug|Any CPU
		{C5CB5FE7-F1F8-4229-993D-16C8FC787FC2}.Debug|Any CPU.Build.0 = Debug|Any CPU
		{C5CB5FE7-F1F8-4229-993D-16C8FC787FC2}.Release|Any CPU.ActiveCfg = Release|Any CPU
		{C5CB5FE7-F1F8-4229-993D-16C8FC787FC2}.Release|Any CPU.Build.0 = Release|Any CPU
		{0BA53071-D504-4684-8437-67F5F3671C58}.Debug|Any CPU.ActiveCfg = Debug|Any CPU
		{0BA53071-D504-4684-8437-67F5F3671C58}.Debug|Any CPU.Build.0 = Debug|Any CPU
		{0BA53071-D504-4684-8437-67F5F3671C58}.Release|Any CPU.ActiveCfg = Release|Any CPU
		{0BA53071-D504-4684-8437-67F5F3671C58}.Release|Any CPU.Build.0 = Release|Any CPU
		{44D6E400-0AE5-4510-8971-4971B69CBDF7}.Debug|Any CPU.ActiveCfg = Debug|Any CPU
		{44D6E400-0AE5-4510-8971-4971B69CBDF7}.Debug|Any CPU.Build.0 = Debug|Any CPU
		{44D6E400-0AE5-4510-8971-4971B69CBDF7}.Release|Any CPU.ActiveCfg = Release|Any CPU
		{44D6E400-0AE5-4510-8971-4971B69CBDF7}.Release|Any CPU.Build.0 = Release|Any CPU
		{6BA89829-E349-4E1F-A7DA-971719B81418}.Debug|Any CPU.ActiveCfg = Debug|Any CPU
		{6BA89829-E349-4E1F-A7DA-971719B81418}.Debug|Any CPU.Build.0 = Debug|Any CPU
		{6BA89829-E349-4E1F-A7DA-971719B81418}.Release|Any CPU.ActiveCfg = Release|Any CPU
		{6BA89829-E349-4E1F-A7DA-971719B81418}.Release|Any CPU.Build.0 = Release|Any CPU
		{FAC5CA76-E0ED-4B2F-9E9F-FC5164EBAF74}.Debug|Any CPU.ActiveCfg = Debug|Any CPU
		{FAC5CA76-E0ED-4B2F-9E9F-FC5164EBAF74}.Debug|Any CPU.Build.0 = Debug|Any CPU
		{FAC5CA76-E0ED-4B2F-9E9F-FC5164EBAF74}.Release|Any CPU.ActiveCfg = Release|Any CPU
		{FAC5CA76-E0ED-4B2F-9E9F-FC5164EBAF74}.Release|Any CPU.Build.0 = Release|Any CPU
		{43C488F0-B8C2-4DDB-8193-2CEFE5BA0D9E}.Debug|Any CPU.ActiveCfg = Debug|Any CPU
		{43C488F0-B8C2-4DDB-8193-2CEFE5BA0D9E}.Debug|Any CPU.Build.0 = Debug|Any CPU
		{43C488F0-B8C2-4DDB-8193-2CEFE5BA0D9E}.Release|Any CPU.ActiveCfg = Release|Any CPU
		{43C488F0-B8C2-4DDB-8193-2CEFE5BA0D9E}.Release|Any CPU.Build.0 = Release|Any CPU
		{1B51C954-75D3-478F-87F7-F54B91ED0079}.Debug|Any CPU.ActiveCfg = Debug|Any CPU
		{1B51C954-75D3-478F-87F7-F54B91ED0079}.Debug|Any CPU.Build.0 = Debug|Any CPU
		{1B51C954-75D3-478F-87F7-F54B91ED0079}.Release|Any CPU.ActiveCfg = Release|Any CPU
		{1B51C954-75D3-478F-87F7-F54B91ED0079}.Release|Any CPU.Build.0 = Release|Any CPU
		{C29FA124-EF50-41DD-894B-B4F7622C90EB}.Debug|Any CPU.ActiveCfg = Debug|Any CPU
		{C29FA124-EF50-41DD-894B-B4F7622C90EB}.Debug|Any CPU.Build.0 = Debug|Any CPU
		{C29FA124-EF50-41DD-894B-B4F7622C90EB}.Release|Any CPU.ActiveCfg = Release|Any CPU
		{C29FA124-EF50-41DD-894B-B4F7622C90EB}.Release|Any CPU.Build.0 = Release|Any CPU
	EndGlobalSection
	GlobalSection(SolutionProperties) = preSolution
		HideSolutionNode = FALSE
	EndGlobalSection
EndGlobal
